
Microsoft Visual Studio Solution File, Format Version 12.00
# Visual Studio Version 17
VisualStudioVersion = 17.9.34616.47
MinimumVisualStudioVersion = 10.0.40219.1
Project("{FAE04EC0-301F-11D3-BF4B-00C04F79EFBC}") = "modul_7kel7", "modul_7kel7.csproj", "{BC7A2AED-2A47-4312-BDF7-8F6D9DDC13F2}"
EndProject
Global
	GlobalSection(SolutionConfigurationPlatforms) = preSolution
		Debug|Any CPU = Debug|Any CPU
		Release|Any CPU = Release|Any CPU
	EndGlobalSection
	GlobalSection(ProjectConfigurationPlatforms) = postSolution
		{BC7A2AED-2A47-4312-BDF7-8F6D9DDC13F2}.Debug|Any CPU.ActiveCfg = Debug|Any CPU
		{BC7A2AED-2A47-4312-BDF7-8F6D9DDC13F2}.Debug|Any CPU.Build.0 = Debug|Any CPU
		{BC7A2AED-2A47-4312-BDF7-8F6D9DDC13F2}.Release|Any CPU.ActiveCfg = Release|Any CPU
		{BC7A2AED-2A47-4312-BDF7-8F6D9DDC13F2}.Release|Any CPU.Build.0 = Release|Any CPU
	EndGlobalSection
	GlobalSection(SolutionProperties) = preSolution
		HideSolutionNode = FALSE
	EndGlobalSection
	GlobalSection(ExtensibilityGlobals) = postSolution
		SolutionGuid = {8992EE01-19B6-4852-BB1D-5E398FA008FC}
	EndGlobalSection
EndGlobal
